
Microsoft Visual Studio Solution File, Format Version 12.00
# Visual Studio Version 16
VisualStudioVersion = 16.0.30523.141
MinimumVisualStudioVersion = 15.0.26124.0
Project("{9A19103F-16F7-4668-BE54-9A1E7A4F7556}") = "Lox", "Lox\Lox.csproj", "{82E36D1A-AE12-4547-9197-FADFCD8111A2}"
EndProject
Project("{9A19103F-16F7-4668-BE54-9A1E7A4F7556}") = "Lox.Tool", "Lox.Tool\Lox.Tool.csproj", "{6774C396-015E-4DE0-8773-A24437D79D2C}"
EndProject
Project("{FAE04EC0-301F-11D3-BF4B-00C04F79EFBC}") = "Lox.Tests", "Lox.Tests\Lox.Tests.csproj", "{F9B06925-A939-4C64-B46A-1AE3E0D22A76}"
EndProject
Project("{FAE04EC0-301F-11D3-BF4B-00C04F79EFBC}") = "Lox.Tests.Tool", "Lox.Tests.Tool\Lox.Tests.Tool.csproj", "{457EE620-469C-4154-A9B9-A6A35216CC08}"
EndProject
Global
	GlobalSection(SolutionConfigurationPlatforms) = preSolution
		Debug|Any CPU = Debug|Any CPU
		Debug|x64 = Debug|x64
		Debug|x86 = Debug|x86
		Release|Any CPU = Release|Any CPU
		Release|x64 = Release|x64
		Release|x86 = Release|x86
	EndGlobalSection
	GlobalSection(ProjectConfigurationPlatforms) = postSolution
		{82E36D1A-AE12-4547-9197-FADFCD8111A2}.Debug|Any CPU.ActiveCfg = Debug|Any CPU
		{82E36D1A-AE12-4547-9197-FADFCD8111A2}.Debug|Any CPU.Build.0 = Debug|Any CPU
		{82E36D1A-AE12-4547-9197-FADFCD8111A2}.Debug|x64.ActiveCfg = Debug|Any CPU
		{82E36D1A-AE12-4547-9197-FADFCD8111A2}.Debug|x64.Build.0 = Debug|Any CPU
		{82E36D1A-AE12-4547-9197-FADFCD8111A2}.Debug|x86.ActiveCfg = Debug|Any CPU
		{82E36D1A-AE12-4547-9197-FADFCD8111A2}.Debug|x86.Build.0 = Debug|Any CPU
		{82E36D1A-AE12-4547-9197-FADFCD8111A2}.Release|Any CPU.ActiveCfg = Release|Any CPU
		{82E36D1A-AE12-4547-9197-FADFCD8111A2}.Release|Any CPU.Build.0 = Release|Any CPU
		{82E36D1A-AE12-4547-9197-FADFCD8111A2}.Release|x64.ActiveCfg = Release|Any CPU
		{82E36D1A-AE12-4547-9197-FADFCD8111A2}.Release|x64.Build.0 = Release|Any CPU
		{82E36D1A-AE12-4547-9197-FADFCD8111A2}.Release|x86.ActiveCfg = Release|Any CPU
		{82E36D1A-AE12-4547-9197-FADFCD8111A2}.Release|x86.Build.0 = Release|Any CPU
		{6774C396-015E-4DE0-8773-A24437D79D2C}.Debug|Any CPU.ActiveCfg = Debug|Any CPU
		{6774C396-015E-4DE0-8773-A24437D79D2C}.Debug|Any CPU.Build.0 = Debug|Any CPU
		{6774C396-015E-4DE0-8773-A24437D79D2C}.Debug|x64.ActiveCfg = Debug|Any CPU
		{6774C396-015E-4DE0-8773-A24437D79D2C}.Debug|x64.Build.0 = Debug|Any CPU
		{6774C396-015E-4DE0-8773-A24437D79D2C}.Debug|x86.ActiveCfg = Debug|Any CPU
		{6774C396-015E-4DE0-8773-A24437D79D2C}.Debug|x86.Build.0 = Debug|Any CPU
		{6774C396-015E-4DE0-8773-A24437D79D2C}.Release|Any CPU.ActiveCfg = Release|Any CPU
		{6774C396-015E-4DE0-8773-A24437D79D2C}.Release|Any CPU.Build.0 = Release|Any CPU
		{6774C396-015E-4DE0-8773-A24437D79D2C}.Release|x64.ActiveCfg = Release|Any CPU
		{6774C396-015E-4DE0-8773-A24437D79D2C}.Release|x64.Build.0 = Release|Any CPU
		{6774C396-015E-4DE0-8773-A24437D79D2C}.Release|x86.ActiveCfg = Release|Any CPU
		{6774C396-015E-4DE0-8773-A24437D79D2C}.Release|x86.Build.0 = Release|Any CPU
		{F9B06925-A939-4C64-B46A-1AE3E0D22A76}.Debug|Any CPU.ActiveCfg = Debug|Any CPU
		{F9B06925-A939-4C64-B46A-1AE3E0D22A76}.Debug|Any CPU.Build.0 = Debug|Any CPU
		{F9B06925-A939-4C64-B46A-1AE3E0D22A76}.Debug|x64.ActiveCfg = Debug|Any CPU
		{F9B06925-A939-4C64-B46A-1AE3E0D22A76}.Debug|x64.Build.0 = Debug|Any CPU
		{F9B06925-A939-4C64-B46A-1AE3E0D22A76}.Debug|x86.ActiveCfg = Debug|Any CPU
		{F9B06925-A939-4C64-B46A-1AE3E0D22A76}.Debug|x86.Build.0 = Debug|Any CPU
		{F9B06925-A939-4C64-B46A-1AE3E0D22A76}.Release|Any CPU.ActiveCfg = Release|Any CPU
		{F9B06925-A939-4C64-B46A-1AE3E0D22A76}.Release|Any CPU.Build.0 = Release|Any CPU
		{F9B06925-A939-4C64-B46A-1AE3E0D22A76}.Release|x64.ActiveCfg = Release|Any CPU
		{F9B06925-A939-4C64-B46A-1AE3E0D22A76}.Release|x64.Build.0 = Release|Any CPU
		{F9B06925-A939-4C64-B46A-1AE3E0D22A76}.Release|x86.ActiveCfg = Release|Any CPU
		{F9B06925-A939-4C64-B46A-1AE3E0D22A76}.Release|x86.Build.0 = Release|Any CPU
		{457EE620-469C-4154-A9B9-A6A35216CC08}.Debug|Any CPU.ActiveCfg = Debug|Any CPU
		{457EE620-469C-4154-A9B9-A6A35216CC08}.Debug|Any CPU.Build.0 = Debug|Any CPU
		{457EE620-469C-4154-A9B9-A6A35216CC08}.Debug|x64.ActiveCfg = Debug|Any CPU
		{457EE620-469C-4154-A9B9-A6A35216CC08}.Debug|x64.Build.0 = Debug|Any CPU
		{457EE620-469C-4154-A9B9-A6A35216CC08}.Debug|x86.ActiveCfg = Debug|Any CPU
		{457EE620-469C-4154-A9B9-A6A35216CC08}.Debug|x86.Build.0 = Debug|Any CPU
		{457EE620-469C-4154-A9B9-A6A35216CC08}.Release|Any CPU.ActiveCfg = Release|Any CPU
		{457EE620-469C-4154-A9B9-A6A35216CC08}.Release|Any CPU.Build.0 = Release|Any CPU
		{457EE620-469C-4154-A9B9-A6A35216CC08}.Release|x64.ActiveCfg = Release|Any CPU
		{457EE620-469C-4154-A9B9-A6A35216CC08}.Release|x64.Build.0 = Release|Any CPU
		{457EE620-469C-4154-A9B9-A6A35216CC08}.Release|x86.ActiveCfg = Release|Any CPU
		{457EE620-469C-4154-A9B9-A6A35216CC08}.Release|x86.Build.0 = Release|Any CPU
	EndGlobalSection
	GlobalSection(SolutionProperties) = preSolution
		HideSolutionNode = FALSE
	EndGlobalSection
	GlobalSection(ExtensibilityGlobals) = postSolution
		SolutionGuid = {4565328B-9561-47FD-854C-D718034B6C2B}
	EndGlobalSection
EndGlobal
